
Microsoft Visual Studio Solution File, Format Version 12.00
# Visual Studio Version 17
VisualStudioVersion = 17.6.33815.320
MinimumVisualStudioVersion = 10.0.40219.1
Project("{FAE04EC0-301F-11D3-BF4B-00C04F79EFBC}") = "ConcurrencyExample", "ConcurrencyExample\ConcurrencyExample.csproj", "{EA7AD06E-2980-4263-B08A-B33D14773102}"
EndProject
Global
	GlobalSection(SolutionConfigurationPlatforms) = preSolution
		Debug|Any CPU = Debug|Any CPU
		Release|Any CPU = Release|Any CPU
	EndGlobalSection
	GlobalSection(ProjectConfigurationPlatforms) = postSolution
		{EA7AD06E-2980-4263-B08A-B33D14773102}.Debug|Any CPU.ActiveCfg = Debug|Any CPU
		{EA7AD06E-2980-4263-B08A-B33D14773102}.Debug|Any CPU.Build.0 = Debug|Any CPU
		{EA7AD06E-2980-4263-B08A-B33D14773102}.Release|Any CPU.ActiveCfg = Release|Any CPU
		{EA7AD06E-2980-4263-B08A-B33D14773102}.Release|Any CPU.Build.0 = Release|Any CPU
	EndGlobalSection
	GlobalSection(SolutionProperties) = preSolution
		HideSolutionNode = FALSE
	EndGlobalSection
	GlobalSection(ExtensibilityGlobals) = postSolution
		SolutionGuid = {B1BA32A1-37CD-4096-ADBE-864F8DA2CEA3}
	EndGlobalSection
EndGlobal
